
Microsoft Visual Studio Solution File, Format Version 12.00
# Visual Studio Version 16
VisualStudioVersion = 16.0.30128.74
MinimumVisualStudioVersion = 10.0.40219.1
Project("{FAE04EC0-301F-11D3-BF4B-00C04F79EFBC}") = "HelloASPDotNET", "HelloASPDotNET.csproj", "{22B49823-18CC-4C68-8539-89E93A235926}"
EndProject
Global
	GlobalSection(SolutionConfigurationPlatforms) = preSolution
		Debug|Any CPU = Debug|Any CPU
		Release|Any CPU = Release|Any CPU
	EndGlobalSection
	GlobalSection(ProjectConfigurationPlatforms) = postSolution
		{22B49823-18CC-4C68-8539-89E93A235926}.Debug|Any CPU.ActiveCfg = Debug|Any CPU
		{22B49823-18CC-4C68-8539-89E93A235926}.Debug|Any CPU.Build.0 = Debug|Any CPU
		{22B49823-18CC-4C68-8539-89E93A235926}.Release|Any CPU.ActiveCfg = Release|Any CPU
		{22B49823-18CC-4C68-8539-89E93A235926}.Release|Any CPU.Build.0 = Release|Any CPU
	EndGlobalSection
	GlobalSection(SolutionProperties) = preSolution
		HideSolutionNode = FALSE
	EndGlobalSection
	GlobalSection(ExtensibilityGlobals) = postSolution
		SolutionGuid = {3E601C49-AAD3-43B3-8452-8A10A09018AB}
	EndGlobalSection
EndGlobal
